
Microsoft Visual Studio Solution File, Format Version 12.00
# Visual Studio 15
VisualStudioVersion = 15.0.26430.14
MinimumVisualStudioVersion = 10.0.40219.1
Project("{2150E333-8FDC-42A3-9474-1A3956D46DE8}") = "Solution Items", "Solution Items", "{4B7B4888-BA19-4DDC-88A1-30DBB204A230}"
	ProjectSection(SolutionItems) = preProject
		.editorconfig = .editorconfig
		.gitignore = .gitignore
		appveyor.yml = appveyor.yml
		licence.md = licence.md
		readme.md = readme.md
	EndProjectSection
EndProject
Project("{2150E333-8FDC-42A3-9474-1A3956D46DE8}") = ".nuget", ".nuget", "{775A6EE4-2C0E-4E28-B09E-1FBE676579BF}"
	ProjectSection(SolutionItems) = preProject
		.nuget\packages.config = .nuget\packages.config
	EndProjectSection
EndProject
Project("{9A19103F-16F7-4668-BE54-9A1E7A4F7556}") = "Stubble.Extensions.SystemData", "src\Stubble.Extensions.SystemData\Stubble.Extensions.SystemData.csproj", "{DA37C615-0CE1-4DF6-A99D-2C6634DB452E}"
EndProject
Project("{9A19103F-16F7-4668-BE54-9A1E7A4F7556}") = "Stubble.Extensions.SystemData.Tests", "test\Stubble.Extensions.SystemData.Tests\Stubble.Extensions.SystemData.Tests.csproj", "{C2B8C13F-7B0E-4E9D-A1AD-635C718F7A79}"
EndProject
Project("{2150E333-8FDC-42A3-9474-1A3956D46DE8}") = "src", "src", "{65FF587F-1E5A-4946-BFD7-A920113A7C5A}"
EndProject
Project("{2150E333-8FDC-42A3-9474-1A3956D46DE8}") = "test", "test", "{6473155D-C76F-455A-834C-00E6BE9F5B9E}"
EndProject
Global
	GlobalSection(SolutionConfigurationPlatforms) = preSolution
		Debug|Any CPU = Debug|Any CPU
		Release|Any CPU = Release|Any CPU
	EndGlobalSection
	GlobalSection(ProjectConfigurationPlatforms) = postSolution
		{DA37C615-0CE1-4DF6-A99D-2C6634DB452E}.Debug|Any CPU.ActiveCfg = Debug|Any CPU
		{DA37C615-0CE1-4DF6-A99D-2C6634DB452E}.Debug|Any CPU.Build.0 = Debug|Any CPU
		{DA37C615-0CE1-4DF6-A99D-2C6634DB452E}.Release|Any CPU.ActiveCfg = Release|Any CPU
		{DA37C615-0CE1-4DF6-A99D-2C6634DB452E}.Release|Any CPU.Build.0 = Release|Any CPU
		{C2B8C13F-7B0E-4E9D-A1AD-635C718F7A79}.Debug|Any CPU.ActiveCfg = Debug|Any CPU
		{C2B8C13F-7B0E-4E9D-A1AD-635C718F7A79}.Debug|Any CPU.Build.0 = Debug|Any CPU
		{C2B8C13F-7B0E-4E9D-A1AD-635C718F7A79}.Release|Any CPU.ActiveCfg = Release|Any CPU
		{C2B8C13F-7B0E-4E9D-A1AD-635C718F7A79}.Release|Any CPU.Build.0 = Release|Any CPU
	EndGlobalSection
	GlobalSection(SolutionProperties) = preSolution
		HideSolutionNode = FALSE
	EndGlobalSection
	GlobalSection(NestedProjects) = preSolution
		{DA37C615-0CE1-4DF6-A99D-2C6634DB452E} = {65FF587F-1E5A-4946-BFD7-A920113A7C5A}
		{C2B8C13F-7B0E-4E9D-A1AD-635C718F7A79} = {6473155D-C76F-455A-834C-00E6BE9F5B9E}
	EndGlobalSection
EndGlobal
